
Microsoft Visual Studio Solution File, Format Version 12.00
# Visual Studio Version 17
VisualStudioVersion = 17.3.32804.467
MinimumVisualStudioVersion = 10.0.40219.1
Project("{FAE04EC0-301F-11D3-BF4B-00C04F79EFBC}") = "histgame", "histgame\histgame.csproj", "{2147E57E-D3F2-4117-9ADE-9DB7C5269B00}"
EndProject
Global
	GlobalSection(SolutionConfigurationPlatforms) = preSolution
		Debug|Any CPU = Debug|Any CPU
		Release|Any CPU = Release|Any CPU
	EndGlobalSection
	GlobalSection(ProjectConfigurationPlatforms) = postSolution
		{2147E57E-D3F2-4117-9ADE-9DB7C5269B00}.Debug|Any CPU.ActiveCfg = Debug|Any CPU
		{2147E57E-D3F2-4117-9ADE-9DB7C5269B00}.Debug|Any CPU.Build.0 = Debug|Any CPU
		{2147E57E-D3F2-4117-9ADE-9DB7C5269B00}.Release|Any CPU.ActiveCfg = Release|Any CPU
		{2147E57E-D3F2-4117-9ADE-9DB7C5269B00}.Release|Any CPU.Build.0 = Release|Any CPU
	EndGlobalSection
	GlobalSection(SolutionProperties) = preSolution
		HideSolutionNode = FALSE
	EndGlobalSection
	GlobalSection(ExtensibilityGlobals) = postSolution
		SolutionGuid = {E7EBAD55-477C-45C6-A85D-0DDBD4D8B37B}
	EndGlobalSection
EndGlobal
